lockfileVersion: '9.0'

settings:
  autoInstallPeers: true
  excludeLinksFromLockfile: false

importers:

  .:
    dependencies:
      '@supabase/ssr':
        specifier: ^0.5.2
        version: 0.5.2(@supabase/supabase-js@2.111.0)
      '@supabase/supabase-js':
        specifier: ^2.45.4
        version: 2.111.0
      framer-motion:
        specifier: ^11.11.17
        version: 11.18.2(react-dom@19.2.8(react@19.2.8))(react@19.2.8)
      next:
        specifier: 15.5.9
        version: 15.5.9(react-dom@19.2.8(react@19.2.8))(react@19.2.8)
      react:
        specifier: ^19.0.0
        version: 19.2.8
      react-dom:
        specifier: ^19.0.0
        version: 19.2.8(react@19.2.8)
    devDependencies:
      '@types/node':
        specifier: ^22.10.2
        version: 22.20.1
      '@types/react':
        specifier: ^19.0.2
        version: 19.2.17
      '@types/react-dom':
        specifier: ^19.0.2
        version: 19.2.3(@types/react@19.2.17)
      autoprefixer:
        specifier: ^10.4.20
        version: 10.5.4(postcss@8.5.25)
      postcss:
        specifier: ^8.4.49
        version: 8.5.25
      tailwindcss:
        specifier: ^3.4.16
        version: 3.4.19
      typescript:
        specifier: ^5.7.2
        version: 5.9.3

packages:

  '@alloc/quick-lru@5.2.0':
    resolution: {integrity: sha512-UrcABB+4bUrFABwbluTIBErXwvbsU/V7TZWfmbgJfbkwiBuziS9gxdODUyuiecfdGQ85jglMW6juS3+z5TsKLw==}
    engines: {node: '>=10'}

  '@emnapi/runtime@1.11.3':
    resolution: {integrity: sha512-Xz4Tpyki7XyrpbUK1jR1AhdAdaXyhhY4lZ3neLodmhpuWfy2PAQN5B46sAiU4liOXGLkHypn/qU+jvfWSCYYLA==}

  '@img/colour@1.1.0':
    resolution: {integrity: sha512-Td76q7j57o/tLVdgS746cYARfSyxk8iEfRxewL9h4OMzYhbW4TAcppl0mT4eyqXddh6L/jwoM75u”_<∂âûÀk∫wµÁNàùYBÇà	–[YÀ‹⁄\ú[[ù^\ÃŒLåÕçIŒÇà‹[€ò[\[ô[ò⁄Y\ŒÇà	–[YÀ‹⁄\ú[Xùö\À[[ù^\ÃŒL	ŒàKåãçà‹[€ò[àùYBÇà	–[YÀ‹⁄\ú[[ù^^çåÕçIŒÇà‹[€ò[\[ô[ò⁄Y\ŒÇà	–[YÀ‹⁄\ú[Xùö\À[[ù^^ç	ŒàKåãçà‹[€ò[àùYBÇà	–[YÀ‹⁄\ú[[ù^]\€X\õMçåÕçIŒÇà‹[€ò[\[ô[ò⁄Y\ŒÇà	–[YÀ‹⁄\ú[Xùö\À[[ù^]\€X\õMç	ŒàKåãçà‹[€ò[àùYBÇà	–[YÀ‹⁄\ú[[ù^]\€^çåÕçIŒÇà‹[€ò[\[ô[ò⁄Y\ŒÇà	–[YÀ‹⁄\ú[Xùö\À[[ù^]\€^ç	ŒàKåãçà‹[€ò[àùYBÇà	–[YÀ‹⁄\ú]ÿ\€LÃêåÕçIŒÇà\[ô[ò⁄Y\ŒÇà	–[[ò\K‹ù[ù[YIŒàKåLKå¬à‹[€ò[àùYBÇà	–[YÀ‹⁄\ú]⁄[åÃãX\õMçåÕçIŒÇà‹[€ò[àùYBÇà	–[YÀ‹⁄\ú]⁄[åÃãZXLÃêåÕçIŒÇà‹[€ò[àùYBÇà	–[YÀ‹⁄\ú]⁄[åÃã^çåÕçIŒÇà‹[€ò[àùYBÇà	–úöYŸ]Ÿ[ŸŸ[ã[X\[ô–åÀåL…ŒÇà\[ô[ò⁄Y\ŒÇà	–úöYŸ]Ÿ[‹€›\òŸ[X\X€ŸX…ŒàKçKçBà	–úöYŸ]Ÿ[›òXŸK[X\[ô…ŒàåÀåÃBÇà	–úöYŸ]Ÿ[‹ô\€€ôK]\öPÀåKåâŒàﬂBÇà	–úöYŸ]Ÿ[‹€›\òŸ[X\X€ŸX–KçKçIŒàﬂBÇà	–úöYŸ]Ÿ[›òXŸK[X\[ô–åÀåÃIŒÇà\[ô[ò⁄Y\ŒÇà	–úöYŸ]Ÿ[‹ô\€€ôK]\öIŒàÀåKåÇà	–úöYŸ]Ÿ[‹€›\òŸ[X\X€ŸX…ŒàKçKçBÇà	–ô^Ÿ[ùêMKçKéIŒàﬂBÇà	–ô^‹›ÿÀY\ù⁄[ãX\õMçMKçKç…ŒÇà‹[€ò[àùYBÇà	–ô^‹›ÿÀY\ù⁄[ã^çMKçKç…ŒÇà‹[€ò[àùYBÇà	–ô^‹›ÿÀ[[ù^X\õMçY€ùPMKçKç…ŒÇà‹[€ò[àùYBÇà	–ô^‹›ÿÀ[[ù^X\õMç[]\€MKçKç…ŒÇà‹[€ò[àùYBÇà	–ô^‹›ÿÀ[[ù^^çY€ùPMKçKç…ŒÇà‹[€ò[àùYBÇà	–ô^‹›ÿÀ[[ù^^ç[]\€MKçKç…ŒÇà‹[€ò[àùYBÇà	–ô^‹›ÿÀ]⁄[åÃãX\õMç[\›ò–MKçKç…ŒÇà‹[€ò[àùYBÇà	–ô^‹›ÿÀ]⁄[åÃã^ç[\›ò–MKçKç…ŒÇà‹[€ò[àùYBÇà	–õŸ[XãŸúÀúÿÿ[ô\êãåKçIŒÇà\[ô[ò⁄Y\ŒÇà	–õŸ[XãŸúÀú›]	ŒàãåçBàù[ã\\ò[[àKåãåÇà	–õŸ[XãŸúÀú›]ãåçIŒàﬂBÇà	–õŸ[XãŸúÀùÿ[–Kåãé	ŒÇà\[ô[ò⁄Y\ŒÇà	–õŸ[XãŸúÀúÿÿ[ô\âŒàãåKçBàò\›NàKåååBÇà	–›\Xò\ŸKÿ]]Zú–ãåLLKå	ŒÇà\[ô[ò⁄Y\ŒÇà€XéàãéåBÇà	–›\Xò\ŸKŸù[ò›[€úÀZú–ãåLLKå	ŒÇà\[ô[ò⁄Y\ŒÇà€XéàãéåBÇà	–›\Xò\ŸK‹Ÿ[ö^ççIŒàﬂBÇà	–›\Xò\ŸK‹‹›‹ô\›Zú–ãåLLKå	ŒÇà\[ô[ò⁄Y\ŒÇà€XéàãéåBÇà	–›\Xò\ŸK‹ôX[[YKZú–ãåLLKå	ŒÇà\[ô[ò⁄Y\ŒÇà	–›\Xò\ŸK‹Ÿ[ö^	ŒàççBà€XéàãéåBÇà	–›\Xò\ŸK‹‹‹êçKåä›\Xò\ŸK‹›\Xò\ŸKZú–ãåLLKå
IŒÇà\[ô[ò⁄Y\ŒÇà	–›\Xò\ŸK‹›\Xò\ŸKZú…ŒàãåLLKåà	–\\Àÿ€€⁄⁄YIŒàçãåà€€⁄⁄YNàçÀåÇÇà	–›\Xò\ŸK‹›‹òYŸKZú–ãåLLKå	ŒÇà\[ô[ò⁄Y\ŒÇàXŸXô\ôÀZúŒàéåBà€XéàãéåBÇà	–›\Xò\ŸK‹›\Xò\ŸKZú–ãåLLKå	ŒÇà\[ô[ò⁄Y\ŒÇà	–›\Xò\ŸKÿ]]Zú…ŒàãåLLKåà	–›\Xò\ŸKŸù[ò›[€úÀZú…ŒàãåLLKåà	–›\Xò\ŸK‹‹›‹ô\›Zú…ŒàãåLLKåà	–›\Xò\ŸK‹ôX[[YKZú…ŒàãåLLKåà	–›\Xò\ŸK‹›‹òYŸKZú…ŒàãåLLKåÇà	–›ÿÀ⁄[\ú–çKåMIŒÇà\[ô[ò⁄Y\ŒÇà€XéàãéåBÇà	–\\Àÿ€€⁄⁄YPçãå	ŒàﬂBÇà	–\\À€õŸPåãåååIŒÇà\[ô[ò⁄Y\ŒÇà[ôX⁄K]\\ŒàãååKåÇà	–\\À‹ôXX›Y€PNKåãå \\À‹ôXX›NKåãåM IŒÇà\[ô[ò⁄Y\ŒÇà	–\\À‹ôXX›	ŒàNKåãåM¬Çà	–\\À‹ôXX›NKåãåM…ŒÇà\[ô[ò⁄Y\ŒÇà‹‹›\NàÀåãå¬Çà[ûK\õ€Z\ŸPKåÀåàﬂBÇà[û[X]⁄ÀåKåŒÇà\[ô[ò⁄Y\ŒÇàõ‹õX[^ôK\]àÀååàX€€X]⁄àãåÀåÇÇà\ô–KååéàﬂBÇà]]‹ôYö^\êLçKç
‹›‹‹–çKåçJNÇà\[ô[ò⁄Y\ŒÇàúõ›‹Ÿ\ú€\›àåéç¬àÿ[ö]\ŸK[]NàKååÃNÇàúòX›[€ãöúŒàKåÀçàX€ÿ€€‹úŒàKåKåBà‹›‹‹ŒàçKåçBà‹›‹‹À]ò[YK\\úŸ\éàåãåÇàò\Ÿ[[ôKXúõ›‹Ÿ\ã[X\[ô–ãåLKçŒàﬂBÇàö[ò\ûKY^[ú⁄[€ú–ãåÀåàﬂBÇàúòXŸ\–ÀååŒÇà\[ô[ò⁄Y\ŒÇàö[\ò[ôŸNàÀåKåBÇàúõ›‹Ÿ\ú€\›åéçŒÇà\[ô[ò⁄Y\ŒÇàò\Ÿ[[ôKXúõ›‹Ÿ\ã[X\[ôŒàãåLKç¬àÿ[ö]\ŸK[]NàKååÃNÇà[X›õ€ã]ÀX⁄õ€Z][NàKçKåŒNàõŸK\ô[X\Ÿ\ŒàãåçLBà\]KXúõ›‹Ÿ\ú€\›YéàKåãå úõ›‹Ÿ\ú€\›åéç BÇàÿ[Y[ÿ\ŸKX‹‹–ãååNàﬂBÇàÿ[ö]\ŸK[]PKååÃNéàﬂBÇà⁄⁄⁄Y\êÀçãåÇà\[ô[ò⁄Y\ŒÇà[û[X]⁄àÀåKå¬àúòXŸ\ŒàÀåå¬à€ÿã\\ô[ùàKåKåÇà\ÀXö[ò\ûK\]àãåKåà\ÀY€ÿéàåå¬àõ‹õX[^ôK\]àÀååàôXY\úàÀçãåà‹[€ò[\[ô[ò⁄Y\ŒÇàúŸ]ô[ùŒàãåÀå¬Çà€Y[ù[€õPååNàﬂBÇà€€[X[ô\êåKåNàﬂBÇà€€⁄⁄YPçÀåéàﬂBÇà‹‹Ÿ\ÿ–ÀååàﬂBÇà‹‹›\PÀåãåŒàﬂBÇà]X›[Xò–ãåKåéÇà‹[€ò[àùYBÇàY[›[YX[êKåãåéàﬂBÇàêKåKåŒàﬂBÇà[X›õ€ã]ÀX⁄õ€Z][PKçKåŒNàﬂBÇà\ÀY\úõ‹ú–KåÀåàﬂBÇà\ÿÿ[YPÀåãåàﬂBÇàò\›Y€ÿêÀåÀåŒÇà\[ô[ò⁄Y\ŒÇà	–õŸ[XãŸúÀú›]	ŒàãåçBà	–õŸ[XãŸúÀùÿ[…ŒàKåãéà€ÿã\\ô[ùàKåKåÇàY\ôŸLéàKçåBàZX‹õ€X]⁄àåéÇàò\›PKåååNÇà\[ô[ò⁄Y\ŒÇàô]\⁄YûNàKåKåÇàô\êãçKå
X€€X]⁄åçJNÇà‹[€ò[\[ô[ò⁄Y\ŒÇàX€€X]⁄àåçBÇàö[\ò[ôŸPÀåKåNÇà\[ô[ò⁄Y\ŒÇàÀ\ôYŸ^\ò[ôŸNàKååBÇàúòX›[€ãöú–KåÀçàﬂBÇàúò[Y\ã[[›[€êLKåNåäôXX›Y€PNKåãé
ôXX›NKåãé
JJôXX›NKåãé
NÇà\[ô[ò⁄Y\ŒÇà[›[€ãY€NàLKåNåBà[›[€ã]][ŒàLKåNåBà€XéàãéåBà‹[€ò[\[ô[ò⁄Y\ŒÇàôXX›àNKåãéàôXX›Y€NàNKåãé
ôXX›NKåãé
BÇàúŸ]ô[ù–ãåÀåŒÇà‹[€ò[àùYBÇàù[ò›[€ãXö[ôKåKåéàﬂBÇà€ÿã\\ô[ùKåKåéÇà\[ô[ò⁄Y\ŒÇà\ÀY€ÿéàåå¬Çà€ÿã\\ô[ùãååéÇà\[ô[ò⁄Y\ŒÇà\ÀY€ÿéàåå¬Çà\€›€êãåçÇà\[ô[ò⁄Y\ŒÇàù[ò›[€ãXö[ôàKåKåÇÇàXŸXô\ôÀZú–éåNàﬂBÇà\ÀXö[ò\ûK\]ãåKåÇà\[ô[ò⁄Y\ŒÇàö[ò\ûKY^[ú⁄[€úŒàãåÀåÇà\ÀX€‹ôK[[Ÿ[PãåMãåéÇà\[ô[ò⁄Y\ŒÇà\€›€éàãåçÇà\ÀY^€ÿêãåKåNàﬂBÇà\ÀY€ÿêååŒÇà\[ô[ò⁄Y\ŒÇà\ÀY^€ÿéàãåKåBÇà\À[ù[Xô\êÀååàﬂBÇàö]PKååKçŒàﬂBÇà[€€ôöY–ÀåKåŒàﬂBÇà[ô\ÀX[ôX€€[[ú–KåãçàﬂBÇàY\ôŸLêKçåNàﬂBÇàZX‹õ€X]⁄åéÇà\[ô[ò⁄Y\ŒÇàúòXŸ\ŒàÀåå¬àX€€X]⁄àãåÀåÇÇà[›[€ãY€PLKåNåNÇà\[ô[ò⁄Y\ŒÇà[›[€ã]][ŒàLKåNåBÇà[›[€ã]][–LKåNåNàﬂBÇà^êãçÀåÇà\[ô[ò⁄Y\ŒÇà[ûK\õ€Z\ŸNàKåÀåàÿöôX›X\‹⁄Y€éàåKåBà[öYûKX[àKçãåÇàò[õ⁄YÀåÀåMéàﬂBÇàô^MKçKéJôXX›Y€PNKåãé
ôXX›NKåãé
JJôXX›NKåãé
NÇà\[ô[ò⁄Y\ŒÇà	–ô^Ÿ[ùâŒàMKçKéBà	–›ÿÀ⁄[\ú…ŒàçKåMBàÿ[ö]\ŸK[]NàKååÃNÇà‹›‹‹ŒàçåÃBàôXX›àNKåãéàôXX›Y€NàNKåãé
ôXX›NKåãé
Bà›[YZúﬁàKåKçäôXX›NKåãé
Bà‹[€ò[\[ô[ò⁄Y\ŒÇà	–ô^‹›ÿÀY\ù⁄[ãX\õMç	ŒàMKçKç¬à	–ô^‹›ÿÀY\ù⁄[ã^ç	ŒàMKçKç¬à	–ô^‹›ÿÀ[[ù^X\õMçY€ùIŒàMKçKç¬à	–ô^‹›ÿÀ[[ù^X\õMç[]\€	ŒàMKçKç¬à	–ô^‹›ÿÀ[[ù^^çY€ùIŒàMKçKç¬à	–ô^‹›ÿÀ[[ù^^ç[]\€	ŒàMKçKç¬à	–ô^‹›ÿÀ]⁄[åÃãX\õMç[\›ò…ŒàMKçKç¬à	–ô^‹›ÿÀ]⁄[åÃã^ç[\›ò…ŒàMKçKç¬à⁄\úàåÕçBàò[ú⁄]]ôTY\ë\[ô[ò⁄Y\ŒÇàH	–òXô[ÿ€‹ôI¬àHòXô[\Y⁄[ã[XX‹õ‹¬ÇàõŸK\ô[X\Ÿ\–ãåçLNàﬂBÇàõ‹õX[^ôK\]ÀååàﬂBÇàÿöôX›X\‹⁄Y€êåKåNàﬂBÇàÿöôX›Z\⁄ÀååàﬂBÇà]\\úŸPKåçŒàﬂBÇàX€ÿ€€‹ú–KåKåNàﬂBÇàX€€X]⁄ãåÀåéàﬂBÇàX€€X]⁄åçNàﬂBÇàYûPãåÀåàﬂBÇà\ò]\–åçŒàﬂBÇà‹›‹‹ÀZ[\‹ùMKåKå
‹›‹‹–çKåçJNÇà\[ô[ò⁄Y\ŒÇà‹›‹‹ŒàçKåçBà‹›‹‹À]ò[YK\\úŸ\éàåãåàôXYXÿX⁄NàKååàô\€€ôNàKååãåLÇÇà‹›‹‹ÀZú–åKå
‹›‹‹–çKåçJNÇà\[ô[ò⁄Y\ŒÇàÿ[Y[ÿ\ŸKX‹‹ŒàãååBà‹›‹‹ŒàçKåçBÇà‹›‹‹À[ÿYX€€ôöY–ãååJö]PKååKç J‹›‹‹–çKåçJNÇà\[ô[ò⁄Y\ŒÇà[€€ôöYŒàÀåKå¬à‹[€ò[\[ô[ò⁄Y\ŒÇàö]NàKååKç¬à‹›‹‹ŒàçKåçBÇà‹›‹‹À[ô\›Yãåãå
‹›‹‹–çKåçJNÇà\[ô[ò⁄Y\ŒÇà‹›‹‹ŒàçKåçBà‹›‹‹À\Ÿ[X›‹ã\\úŸ\éàãåKçÇà‹›‹‹À\Ÿ[X›‹ã\\úŸ\êãåKçÇà\[ô[ò⁄Y\ŒÇà‹‹Ÿ\ÿŒàÀååà][Y\ôXÿ]NàKååÇÇà‹›‹‹À]ò[YK\\úŸ\êåãåàﬂBÇà‹›‹‹–çåÃNÇà\[ô[ò⁄Y\ŒÇàò[õ⁄YàÀåÀåMÇàX€ÿ€€‹úŒàKåKåBà€›\òŸK[X\ZúŒàKåãåBÇà‹›‹‹–çKåçNÇà\[ô[ò⁄Y\ŒÇàò[õ⁄YàÀåÀåMÇàX€ÿ€€‹úŒàKåKåBà€›\òŸK[X\ZúŒàKåãåBÇà]Y]YK[ZX‹õ›\⁄–KåãåŒàﬂBÇàôXX›Y€PNKåãé
ôXX›NKåãé
NÇà\[ô[ò⁄Y\ŒÇàôXX›àNKåãéàÿ⁄Y[\éàåçÀåÇàôXX›NKåãéàﬂBÇàôXYXÿX⁄PKååÇà\[ô[ò⁄Y\ŒÇàYûNàãåÀåÇàôXY\úÀçãåÇà\[ô[ò⁄Y\ŒÇàX€€X]⁄àãåÀåÇÇàô\€€ôPKååãåLéÇà\[ô[ò⁄Y\ŒÇà\ÀY\úõ‹úŒàKåÀåà\ÀX€‹ôK[[Ÿ[NàãåMãåÇà]\\úŸNàKåç¬à›\‹ùÀ\ô\Ÿ\ùôK\ﬁ[[[ö‹ÀYõYŒàKååÇàô]\⁄YûPKåKåàﬂBÇàù[ã\\ò[[KåãåÇà\[ô[ò⁄Y\ŒÇà]Y]YK[ZX‹õ›\⁄ŒàKåãå¬Çàÿ⁄Y[\êåçÀåàﬂBÇàŸ[]ô\êÀéçNÇà‹[€ò[àùYBÇà⁄\úåÕçNÇà\[ô[ò⁄Y\ŒÇà	–[YÀÿ€€›\âŒàKåKåà]X›[XòŒàãåKåÇàŸ[]ô\éàÀéçBà‹[€ò[\[ô[ò⁄Y\ŒÇà	–[YÀ‹⁄\úY\ù⁄[ãX\õMç	ŒàåÕçBà	–[YÀ‹⁄\úY\ù⁄[ã^ç	ŒàåÕçBà	–[YÀ‹⁄\ú[Xùö\ÀY\ù⁄[ãX\õMç	ŒàKåãçà	–[YÀ‹⁄\ú[Xùö\ÀY\ù⁄[ã^ç	ŒàKåãçà	–[YÀ‹⁄\ú[Xùö\À[[ù^X\õIŒàKåãçà	–[YÀ‹⁄\ú[Xùö\À[[ù^X\õMç	ŒàKåãçà	–[YÀ‹⁄\ú[Xùö\À[[ù^\Õç	ŒàKåãçà	–[YÀ‹⁄\ú[Xùö\À[[ù^\ö\ÿ›çç	ŒàKåãçà	–[YÀ‹⁄\ú[Xùö\À[[ù^\ÃŒL	ŒàKåãçà	–[YÀ‹⁄\ú[Xùö\À[[ù^^ç	ŒàKåãçà	–[YÀ‹⁄\ú[Xùö\À[[ù^]\€X\õMç	ŒàKåãçà	–[YÀ‹⁄\ú[Xùö\À[[ù^]\€^ç	ŒàKåãçà	–[YÀ‹⁄\ú[[ù^X\õIŒàåÕçBà	–[YÀ‹⁄\ú[[ù^X\õMç	ŒàåÕçBà	–[YÀ‹⁄\ú[[ù^\Õç	ŒàåÕçBà	–[YÀ‹⁄\ú[[ù^\ö\ÿ›çç	ŒàåÕçBà	–[YÀ‹⁄\ú[[ù^\ÃŒL	ŒàåÕçBà	–[YÀ‹⁄\ú[[ù^^ç	ŒàåÕçBà	–[YÀ‹⁄\ú[[ù^]\€X\õMç	ŒàåÕçBà	–[YÀ‹⁄\ú[[ù^]\€^ç	ŒàåÕçBà	–[YÀ‹⁄\ú]ÿ\€LÃâŒàåÕçBà	–[YÀ‹⁄\ú]⁄[åÃãX\õMç	ŒàåÕçBà	–[YÀ‹⁄\ú]⁄[åÃãZXLÃâŒàåÕçBà	–[YÀ‹⁄\ú]⁄[åÃã^ç	ŒàåÕçBà‹[€ò[àùYBÇà€›\òŸK[X\Zú–KåãåNàﬂBÇà›[YZúﬁKåKçäôXX›NKåãé
NÇà\[ô[ò⁄Y\ŒÇà€Y[ù[€õNàååBàôXX›àNKåãéÇà›X‹ò\ŸPÀåÕKåNÇà\[ô[ò⁄Y\ŒÇà	–úöYŸ]Ÿ[ŸŸ[ã[X\[ô…ŒàåÀåL¬à€€[X[ô\éàåKåBà[ô\ÀX[ôX€€[[úŒàKåãçà^éàãçÀåà\ò]\Œàåç¬à[ûY€ÿòûNàåãåM¬àÀZ[ù\ôòXŸKX⁄X⁄Ÿ\éàåKåL¬Çà›\‹ùÀ\ô\Ÿ\ùôK\ﬁ[[[ö‹ÀYõY–KååàﬂBÇàZ[⁄[ô‹‹–ÀçåNNÇà\[ô[ò⁄Y\ŒÇà	–[ÿÀ‹]ZX⁄À[ùIŒàKåãåà\ôŒàKååÇà⁄⁄⁄Y\éàÀçãåàY[›[YX[éàKåãåÇàéàKåKå¬àò\›Y€ÿéàÀåÀå¬à€ÿã\\ô[ùàãååÇà\ÀY€ÿéàåå¬àö]NàKååKç¬à[€€ôöYŒàÀåKå¬àZX‹õ€X]⁄àåéàõ‹õX[^ôK\]àÀååàÿöôX›Z\⁄àÀååàX€ÿ€€‹úŒàKåKåBà‹›‹‹ŒàçKåçBà‹›‹‹ÀZ[\‹ùàMKåKå
‹›‹‹–çKåçJBà‹›‹‹ÀZúŒàåKå
‹›‹‹–çKåçJBà‹›‹‹À[ÿYX€€ôöYŒàãååJö]PKååKç J‹›‹‹–çKåçJBà‹›‹‹À[ô\›Yàãåãå
‹›‹‹–çKåçJBà‹›‹‹À\Ÿ[X›‹ã\\úŸ\éàãåKçàô\€€ôNàKååãåLÇà›X‹ò\ŸNàÀåÕKåBàò[ú⁄]]ôTY\ë\[ô[ò⁄Y\ŒÇàHﬁàHX[[Çà[öYûKX[KçãåÇà\[ô[ò⁄Y\ŒÇà[öYûNàÀåÀåBÇà[öYûPÀåÀåNÇà\[ô[ò⁄Y\ŒÇà[ûK\õ€Z\ŸNàKåÀåÇà[ûY€ÿòûPåãåMŒÇà\[ô[ò⁄Y\ŒÇàô\éàãçKå
X€€X]⁄åçJBàX€€X]⁄àåçBÇàÀ\ôYŸ^\ò[ôŸPKååNÇà\[ô[ò⁄Y\ŒÇà\À[ù[Xô\éàÀååÇàÀZ[ù\ôòXŸKX⁄X⁄Ÿ\êåKåLŒàﬂBÇà€XêãéåNàﬂBÇà\\ÿ‹ö\KéKåŒàﬂBÇà[ôX⁄K]\\–ãååKåàﬂBÇà\]KXúõ›‹Ÿ\ú€\›YêKåãå úõ›‹Ÿ\ú€\›åéç NÇà\[ô[ò⁄Y\ŒÇàúõ›‹Ÿ\ú€\›àåéç¬à\ÿÿ[YNàÀåãåàX€ÿ€€‹úŒàKåKåBÇà][Y\ôXÿ]PKååéàﬂB