lockfileVersion: '9.0'

settings:
  autoInstallPeers: true
  excludeLinksFromLockfile: false

importers:

  .:
    dependencies:
      '@supabase/ssr':
        specifier: ^0.5.2
        version: 0.5.2(@supabase/supabase-js@2.111.0)
      '@supabase/supabase-js':
        specifier: ^2.45.4
        version: 2.111.0
      framer-motion:
        specifier: ^11.11.17
        version: 11.18.2(react-dom@19.2.8(react@19.2.8))(react@19.2.8)
      next:
        specifier: 15.5.9
        version: 15.5.9(react-dom@19.2.8(react@19.2.8))(react@19.2.8)
      react:
        specifier: ^19.0.0
        version: 19.2.8
      react-dom:
        specifier: ^19.0.0
        version: 19.2.8(react@19.2.8)
    devDependencies:
      '@types/node':
        specifier: ^22.10.2
        version: 22.20.1
      '@types/react':
        specifier: ^19.0.2
        version: 19.2.17
      '@types/react-dom':
        specifier: ^19.0.2
        version: 19.2.3(@types/react@19.2.17)
      autoprefixer:
        specifier: ^10.4.20
        version: 10.5.4(postcss@8.5.25)
      postcss:
        specifier: ^8.4.49
        version: 8.5.25
      tailwindcss:
        specifier: ^3.4.16
        version: 3.4.19
      typescript:
        specifier: ^5.7.2
        version: 5.9.3

packages:

  '@alloc/quick-lru@5.2.0':
    resolution: {integrity: sha512-UrcABB+4bUrFABwbluTIBErXwvbsU/V7TZWfmbgJfbkwiBuziS9gxdODUyuiecfdGQ85jglMW6juS3+z5TsKLw==}
    engines: {node: '>=10'}

  '@emnapi/runtime@1.11.3':
    resolution: {integrity: sha512-Xz4Tpyki7XyrpbUK1jR1AhdAdaXyhhY4lZ3neLodmhpuWfy2PAQN5B46sAiU4liOXGLkHypn/qU+jvfWSCYYLA==}

  '@img/colour@1.1.0':
    resolution: {integrity: sha512-Td76q7j57o/tLVdgS746cYARfSyxk8iEfRxewL9h4OMzYhbW4TAcppl0mT4eyqXddh6L/jwoM75mo7ixa/pCeQ==}
    engines: {node: '>=18'}

  '@img/sharp-darwin-arm64@0.34.5':
    resolution: {integrity: sha512-imtQ3WMJXbMY4fxb/Ndp6HBTNVtWCUI0WdobyheGf5+ad6xX8VIDO8u2xE4qc/fr08CKG/7dDseFtn6M6g/r3w==}
    engines: {node: ^18.17.0 || ^20.3.0 || >=21.0.0}
    cpu: [arm64]
    os: [darwin]

  '@img/sharp-darwin-x64@0.34.5':
    resolution: {integrity: sha512-YNEFAF/4KQ/PeW0N+r+aVVsoIY0/qxxikF2SWdp+NRkmMB7y9LBZAVqQ4yhGCm/H3H270OSykqmQMKLBhBJDEw==}
    engines: {node: ^18.17.0 || ^20.3.0 || >=21.0.0}
    cpu: [x64]
    os: [darwin]

  '@img/sharp-libvips-darwin-arm64@1.2.4':
    resolution: {integrity: sha512-zqjjo7RatFfFoP0MkQ51jfuFZBnVE2pRiaydKJ1G/rHZvnsrHAOcQALIi9sA5co5xenQdTugCvtb1cuf78Vf4g==}
    cpu: [arm64]
    os: [darwin]

  '@img/sharp-libvips-darwin-x64@1.2.4':
    resolution: {integrity: sha512-1IOd5xfVhlGwX+zXv2N93k0yMONvUlANylbJw1eTah8K/Jtpi15KC+WSiaX/nBmbm2HxRM1gZ0nSdjSsrZbGKg==}
    cpu: [x64]
    os: [darwin]

  '@img/sharp-libvips-linux-arm64@1.2.4':
    resolution: {integrity: sha512-excjX8DfsIcJ10x1Kzr4RcWe1edC9PquDRRPx3YVCvQv+U5p7Yin2s32ftzikXojb1PIFc/9Mt28/y+iRklkrw==}
    cpu: [arm64]
    os: [linux]
    libc: [glibc]

  '@img/sharp-libvips-linux-arm@1.2.4':
    resolution: {integrity: sha512-bFI7xcKFELdiNCVov8e44Ia4u2byA+l3XtsAj+Q8tfCwO6BQ8iDojYdvoPMqsKDkuoOo+X6HZA0s0q11ANMQ8A==}
    cpu: [arm]
    os: [linux]
    libc: [glibc]

  '@img/sharp-libvips-linux-ppc64@1.2.4':
    resolution: {integrity: sha512-FMuvGijLDYG6lW+b/UvyilUWu5Ayu+3r2d1S8notiGCIyYU/76eig1UfMmkZ7vwgOrzKzlQbFSuQfgm7GYUPpA==}
    cpu: [ppc64]
    os: [linux]
    libc: [glibc]

  '@img/sharp-libvips-linux-riscv64@1.2.4':
    resolution: {integrity: sha512-oVDbcR4zUC0ce82teubSm+x6ETixtKZBh/qbREIOcI3cULzDyb18Sr/Wcyx7NRQeQzOiHTNbZFF1UwPS2scyGA==}
    cpu: [riscv64]
    os: [linux]
    libc: [glibc]

  '@img/sharp-libvips-linux-s390x@1.2.4':
    resolution: {integrity: sha512-qmp9VrzgPgMoGZyPvrQHqk02uyjA0/QrTO26Tqk6l4ZV0MPWIW6LTkqOIov+J1yEu7MbFQaDpwdwJKhbJvuRxQ==}
    cpu: [s390x]
    os: [linux]
    libc: [glibc]

  '@img/sharp-libvips-linux-x64@1.2.4':
    resolution: {integrity: sha512-tJxiiLsmHc9Ax1bz3oaOYBURTXGIRDODBqhveVHonrHJ9/+k89qbLl0bcJns+e4t4rvaNBxaEZsFtSfAdquPrw==}
    cpu: [x64]
    os: [linux]
    libc: [glibc]

  '@im|Û¯m¢G§²ÚîÆ­yÞÍ•Ž^UÙŽSP]ÏO_Bˆ[™Ú[™\ÎˆÛ›ÙNˆ	ÏH	ßB‚ˆZ[Ú[™ÜÜÐËŒNN‚ˆ™\ÛÛ][ÛŽˆÚ[YÜš]NˆÚMLL‹LÛÙœ
ÓJÜËÒTÙÕRXQ]Z’^S˜ÙŒÛLVŒ›ËÍÙ˜ÜËÕ\ÑÑŒV•LÔÐ›UU˜QŽPÒÛMÒÓÔOO_Bˆ[™Ú[™\ÎˆÛ›ÙNˆ	ÏLMŒŒ	ßBˆ\Ðš[ŽˆYB‚ˆ[šYžKX[K‹Œ‚ˆ™\ÛÛ][ÛŽˆÚ[YÜš]NˆÚMLL‹T“žRÜRNÝÝ‘ØÜÝSÍ™\[Í
Õ^KÊÜÓ•”žŒ“Ö
ÓÖŽ[Ô
ÚR›“‘œ\œ˜L–•U™RÐÔØL›Õ•ÚLÕU›POO_Bˆ[™Ú[™\ÎˆÛ›ÙNˆ	ÏLŽ	ßB‚ˆ[šYžPËŒËŒN‚ˆ™\ÛÛ][ÛŽˆÚ[YÜš]NˆÚMLL‹T•–”ÒURQÌLÌÙ[›ÝšžŒY[M˜ÞR“ÒÖPVRÜYšÒÚÙÑÒXÔ’ÕVLT™S›S›•ÔØZÊØšTÝÏO_B‚ˆ[žYÛØ˜žPŒ‹ŒMÎ‚ˆ™\ÛÛ][ÛŽˆÚ[YÜš]NˆÚMLL‹]Ö‹Ù\ÜRÛY•ÜYššRÒ“ÝÐÓ‘›™[œ•ËØÖZ•‘ÝZÐ™•™ØÓ’Óœ›ÛZ“ÕšXÎ^^SMX[ÙÑ”^UL™ÏO_Bˆ[™Ú[™\ÎˆÛ›ÙNˆ	ÏLL‹ŒŒ	ßB‚ˆË\™YÙ^\˜[™ÙPKŒŒN‚ˆ™\ÛÛ][ÛŽˆÚ[YÜš]NˆÚMLL‹MTÚ^–^Q\ŒXÝØÙÝ”^˜’]ÍÕZÌÙÓÞMYY‘™SZ™”
ÓKÒRÌ‘XŠÌ‘ÐÞ[™PÓRšQÜ\QÔÓšÎÔOO_Bˆ[™Ú[™\ÎˆÛ›ÙNˆ	ÏNŒ	ßB‚ˆËZ[\™˜XÙKXÚXÚÙ\ŒKŒLÎ‚ˆ™\ÛÛ][ÛŽˆÚ[YÜš]NˆÚMLL‹VKØ\˜›ŠÜœžŒÒÒÛPÍÕ“™•”ÛL‹ÛQ\Q”ÞQ\Ö”ÐS‘ÔÛ\œ’MSMÑŠÛR›‘MLš“ÓÎL”ØÌÕ\ŒØ•]ÌÐOO_B‚ˆÛX‹ŽŒN‚ˆ™\ÛÛ][ÛŽˆÚ[YÜš]NˆÚMLL‹[Ò‘NMXŠÒÕ™TÕTSÝÛœ\[™›SÓÐKÛZ˜‘RÐÑ[ÒÌÛTVM˜ÌÝÒÑŽÓZÓÝR’ÖÒÕNNRP˜^”ËÌÏO_B‚ˆ\\ØÜš\KŽKŒÎ‚ˆ™\ÛÛ][ÛŽˆÚ[YÜš]NˆÚMLL‹Z›]–ž”[“ŽYU]Ò‹ÝÕ‘™Ó‘]ÎTZ”\ÞŽRÙ”QY”\Ì–M’ÔYXU\•–ŒT’ÝM“MUÔÝÏO_Bˆ[™Ú[™\ÎˆÛ›ÙNˆ	ÏLMŒMÉßBˆ\Ðš[ŽˆYB‚ˆ[™XÚK]\\Ð‹ŒŒKŒ‚ˆ™\ÛÛ][ÛŽˆÚ[YÜš]NˆÚMLL‹Z]ÑœYÌPQÜ™ÎT˜]RŒMÌÛZÔNXÒÔ\
ÍÐÍ’LÜÛQ^YYVS“ÍU]Ú˜•QÔ[“YRR”OO_B‚ˆ\]KXœ›ÝÜÙ\œÛ\ÝYKŒ‹ŒÎ‚ˆ™\ÛÛ][ÛŽˆÚ[YÜš]NˆÚMLL‹RœÌNXÞ
ÜSÙÑÌSZQ‘Ñ]YUÞŠÙ
ÓLÜ‘ÛRÔ
ÕTËÚ”[ÌÓÜM˜ÜŒSPPÌZÑ˜™ÐT™ŒŒ]ÏO_Bˆ\Ðš[ŽˆYBˆY\‘\[™[˜ÚY\Î‚ˆœ›ÝÜÙ\œÛ\Ýˆ	ÏHŒŒKŒ	Â‚ˆ][Y\™XØ]PKŒŒŽ‚ˆ™\ÛÛ][ÛŽˆÚ[YÜš]NˆÚMLL‹QT\L]VQžœÜ“ØÌ[’œLÙÓØM‘›ØÐRZRL•TÐÐMÕÒŒUR‘XYÐÞ’ZÖœÕVY‘YRËËÓTNRXœ’ÝÏO_B‚œÛ˜\ÚÝÎ‚‚ˆ	Ð[ØËÜ]ZXÚË[PKŒ‹Œ	ÎˆßB‚ˆ	Ð[[˜\KÜ[[YPKŒLKŒÉÎ‚ˆ\[™[˜ÚY\Î‚ˆÛXŽˆ‹ŽŒBˆÜ[Û˜[ˆYB‚ˆ	Ð[YËØÛÛÝ\KŒKŒ	Î‚ˆÜ[Û˜[ˆYB‚ˆ	Ð[YËÜÚ\œY\Ú[‹X\›MŒÍIÎ‚ˆÜ[Û˜[\[™[˜ÚY\Î‚ˆ	Ð[YËÜÚ\œ[Xš\ËY\Ú[‹X\›M	ÎˆKŒ‹ˆÜ[Û˜[ˆYB‚ˆ	Ð[YËÜÚ\œY\Ú[‹^ŒÍIÎ‚ˆÜ[Û˜[\[™[˜ÚY\Î‚ˆ	Ð[YËÜÚ\œ[Xš\ËY\Ú[‹^	ÎˆKŒ‹ˆÜ[Û˜[ˆYB‚ˆ	Ð[YËÜÚ\œ[Xš\ËY\Ú[‹X\›MKŒ‹	Î‚ˆÜ[Û˜[ˆYB‚ˆ	Ð[YËÜÚ\œ[Xš\ËY\Ú[‹^KŒ‹	Î‚ˆÜ[Û˜[ˆYB‚ˆ	Ð[YËÜÚ\œ[Xš\Ë[[^X\›MKŒ‹	Î‚ˆÜ[Û˜[ˆYB‚ˆ	Ð[YËÜÚ\œ[Xš\Ë[[^X\›PKŒ‹	Î‚ˆÜ[Û˜[ˆYB‚ˆ	Ð[YËÜÚ\œ[Xš\Ë[[^\ÍKŒ‹	Î‚ˆÜ[Û˜[ˆYB‚ˆ	Ð[YËÜÚ\œ[Xš\Ë[[^\š\ØÝKŒ‹	Î‚ˆÜ[Û˜[ˆYB‚ˆ	Ð[YËÜÚ\œ[Xš\Ë[[^\ÌÎLKŒ‹	Î‚ˆÜ[Û˜[ˆYB‚ˆ	Ð[YËÜÚ\œ[Xš\Ë[[^^KŒ‹	Î‚ˆÜ[Û˜[ˆYB‚ˆ	Ð[YËÜÚ\œ[Xš\Ë[[^]\ÛX\›MKŒ‹	Î‚ˆÜ[Û˜[ˆYB‚ˆ	Ð[YËÜÚ\œ[Xš\Ë[[^]\Û^KŒ‹	Î‚ˆÜ[Û˜[ˆYB‚ˆ	Ð[YËÜÚ\œ[[^X\›MŒÍIÎ‚ˆÜ[Û˜[\[™[˜ÚY\Î‚ˆ	Ð[YËÜÚ\œ[Xš\Ë[[^X\›M	ÎˆKŒ‹ˆÜ[Û˜[ˆYB‚ˆ	Ð[YËÜÚ\œ[[^X\›PŒÍIÎ‚ˆÜ[Û˜[\[™[˜ÚY\Î‚ˆ	Ð[YËÜÚ\œ[Xš\Ë[[^X\›IÎˆKŒ‹ˆÜ[Û˜[ˆYB‚ˆ	Ð[YËÜÚ\œ[[^\ÍŒÍIÎ‚ˆÜ[Û˜[\[™[˜ÚY\Î‚ˆ	Ð[YËÜÚ\œ[Xš\Ë[[^\Í	ÎˆKŒ‹ˆÜ[Û˜[ˆYB‚ˆ	Ð[YËÜÚ\œ[[^\š\ØÝŒÍIÎ‚ˆÜ[Û˜[\[™[˜ÚY\Î‚ˆ	Ð[YËÜÚ\œ[Xš\Ë[[^\š\ØÝ	ÎˆKŒ‹ˆÜ[Û˜[ˆYB‚ˆ	Ð[YËÜÚ\œ[[^\ÌÎLŒÍIÎ‚ˆÜ[Û˜[\[™[˜ÚY\Î‚ˆ	Ð[YËÜÚ\œ[Xš\Ë[[^\ÌÎL	ÎˆKŒ‹ˆÜ[Û˜[ˆYB‚ˆ	Ð[YËÜÚ\œ[[^^ŒÍIÎ‚ˆÜ[Û˜[\[™[˜ÚY\Î‚ˆ	Ð[YËÜÚ\œ[Xš\Ë[[^^	ÎˆKŒ‹ˆÜ[Û˜[ˆYB‚ˆ	Ð[YËÜÚ\œ[[^]\ÛX\›MŒÍIÎ‚ˆÜ[Û˜[\[™[˜ÚY\Î‚ˆ	Ð[YËÜÚ\œ[Xš\Ë[[^]\ÛX\›M	ÎˆKŒ‹ˆÜ[Û˜[ˆYB‚ˆ	Ð[YËÜÚ\œ[[^]\Û^ŒÍIÎ‚ˆÜ[Û˜[\[™[˜ÚY\Î‚ˆ	Ð[YËÜÚ\œ[Xš\Ë[[^]\Û^	ÎˆKŒ‹ˆÜ[Û˜[ˆYB‚ˆ	Ð[YËÜÚ\œ]Ø\ÛLÌŒÍIÎ‚ˆ\[™[˜ÚY\Î‚ˆ	Ð[[˜\KÜ[[YIÎˆKŒLKŒÂˆÜ[Û˜[ˆYB‚ˆ	Ð[YËÜÚ\œ]Ú[ŒÌ‹X\›MŒÍIÎ‚ˆÜ[Û˜[ˆYB‚ˆ	Ð[YËÜÚ\œ]Ú[ŒÌ‹ZXLÌŒÍIÎ‚ˆÜ[Û˜[ˆYB‚ˆ	Ð[YËÜÚ\œ]Ú[ŒÌ‹^ŒÍIÎ‚ˆÜ[Û˜[ˆYB‚ˆ	ÐœšYÙ]Ù[ÙÙ[‹[X\[™ÐŒËŒLÉÎ‚ˆ\[™[˜ÚY\Î‚ˆ	ÐœšYÙ]Ù[ÜÛÝ\˜Ù[X\XÛÙXÉÎˆKKBˆ	ÐœšYÙ]Ù[Ý˜XÙK[X\[™ÉÎˆŒËŒÌB‚ˆ	ÐœšYÙ]Ù[Ü™\ÛÛ™K]\šPËŒKŒ‰ÎˆßB‚ˆ	ÐœšYÙ]Ù[ÜÛÝ\˜Ù[X\XÛÙXÐKKIÎˆßB‚ˆ	ÐœšYÙ]Ù[Ý˜XÙK[X\[™ÐŒËŒÌIÎ‚ˆ\[™[˜ÚY\Î‚ˆ	ÐœšYÙ]Ù[Ü™\ÛÛ™K]\šIÎˆËŒKŒ‚ˆ	ÐœšYÙ]Ù[ÜÛÝ\˜Ù[X\XÛÙXÉÎˆKKB‚ˆ	Ð™^Ù[MKKŽIÎˆßB‚ˆ	Ð™^ÜÝØËY\Ú[‹X\›MMKKÉÎ‚ˆÜ[Û˜[ˆYB‚ˆ	Ð™^ÜÝØËY\Ú[‹^MKKÉÎ‚ˆÜ[Û˜[ˆYB‚ˆ	Ð™^ÜÝØË[[^X\›MYÛPMKKÉÎ‚ˆÜ[Û˜[ˆYB‚ˆ	Ð™^ÜÝØË[[^X\›M[]\ÛMKKÉÎ‚ˆÜ[Û˜[ˆYB‚ˆ	Ð™^ÜÝØË[[^^YÛPMKKÉÎ‚ˆÜ[Û˜[ˆYB‚ˆ	Ð™^ÜÝØË[[^^[]\ÛMKKÉÎ‚ˆÜ[Û˜[ˆYB‚ˆ	Ð™^ÜÝØË]Ú[ŒÌ‹X\›M[\Ý˜ÐMKKÉÎ‚ˆÜ[Û˜[ˆYB‚ˆ	Ð™^ÜÝØË]Ú[ŒÌ‹^[\Ý˜ÐMKKÉÎ‚ˆÜ[Û˜[ˆYB‚ˆ	Ð›Ù[X‹ÙœËœØØ[™\‹ŒKIÎ‚ˆ\[™[˜ÚY\Î‚ˆ	Ð›Ù[X‹ÙœËœÝ]	Îˆ‹ŒBˆ[‹\\˜[[ˆKŒ‹Œ‚ˆ	Ð›Ù[X‹ÙœËœÝ]‹ŒIÎˆßB‚ˆ	Ð›Ù[X‹ÙœËØ[ÐKŒ‹Ž	Î‚ˆ\[™[˜ÚY\Î‚ˆ	Ð›Ù[X‹ÙœËœØØ[™\‰Îˆ‹ŒKBˆ˜\ÝNˆKŒŒŒB‚ˆ	ÐÝ\X˜\ÙKØ]]ZœÐ‹ŒLLKŒ	Î‚ˆ\[™[˜ÚY\Î‚ˆÛXŽˆ‹ŽŒB‚ˆ	ÐÝ\X˜\ÙKÙ[˜Ý[ÛœËZœÐ‹ŒLLKŒ	Î‚ˆ\[™[˜ÚY\Î‚ˆÛXŽˆ‹ŽŒB‚ˆ	ÐÝ\X˜\ÙKÜÙ[š^IÎˆßB‚ˆ	ÐÝ\X˜\ÙKÜÜÝÜ™\ÝZœÐ‹ŒLLKŒ	Î‚ˆ\[™[˜ÚY\Î‚ˆÛXŽˆ‹ŽŒB‚ˆ	ÐÝ\X˜\ÙKÜ™X[[YKZœÐ‹ŒLLKŒ	Î‚ˆ\[™[˜ÚY\Î‚ˆ	ÐÝ\X˜\ÙKÜÙ[š^	ÎˆBˆÛXŽˆ‹ŽŒB‚ˆ	ÐÝ\X˜\ÙKÜÜÜKŒŠÝ\X˜\ÙKÜÝ\X˜\ÙKZœÐ‹ŒLLKŒ
IÎ‚ˆ\[™[˜ÚY\Î‚ˆ	ÐÝ\X˜\ÙKÜÝ\X˜\ÙKZœÉÎˆ‹ŒLLKŒˆ	Ð\\ËØÛÛÚÚYIÎˆ‹ŒˆÛÛÚÚYNˆËŒ‚‚ˆ	ÐÝ\X˜\ÙKÜÝÜ˜YÙKZœÐ‹ŒLLKŒ	Î‚ˆ\[™[˜ÚY\Î‚ˆXÙX™\™ËZœÎˆŽŒBˆÛXŽˆ‹ŽŒB‚ˆ	ÐÝ\X˜\ÙKÜÝ\X˜\ÙKZœÐ‹ŒLLKŒ	Î‚ˆ\[™[˜ÚY\Î‚ˆ	ÐÝ\X˜\ÙKØ]]ZœÉÎˆ‹ŒLLKŒˆ	ÐÝ\X˜\ÙKÙ[˜Ý[ÛœËZœÉÎˆ‹ŒLLKŒˆ	ÐÝ\X˜\ÙKÜÜÝÜ™\ÝZœÉÎˆ‹ŒLLKŒˆ	ÐÝ\X˜\ÙKÜ™X[[YKZœÉÎˆ‹ŒLLKŒˆ	ÐÝ\X˜\ÙKÜÝÜ˜YÙKZœÉÎˆ‹ŒLLKŒ‚ˆ	ÐÝØËÚ[\œÐKŒMIÎ‚ˆ\[™[˜ÚY\Î‚ˆÛXŽˆ‹ŽŒB‚ˆ	Ð\\ËØÛÛÚÚYP‹Œ	ÎˆßB‚ˆ	Ð\\ËÛ›ÙPŒ‹ŒŒŒIÎ‚ˆ\[™[˜ÚY\Î‚ˆ[™XÚK]\\Îˆ‹ŒŒKŒ‚ˆ	Ð\\ËÜ™XXÝYÛPNKŒ‹ŒÊ\\ËÜ™XXÝNKŒ‹ŒMÊIÎ‚ˆ\[™[˜ÚY\Î‚ˆ	Ð\\ËÜ™XXÝ	ÎˆNKŒ‹ŒMÂ‚ˆ	Ð\\ËÜ™XXÝNKŒ‹ŒMÉÎ‚ˆ\[™[˜ÚY\Î‚ˆÜÜÝ\NˆËŒ‹ŒÂ‚ˆ[žK\›ÛZ\ÙPKŒËŒˆßB‚ˆ[ž[X]ÚËŒKŒÎ‚ˆ\[™[˜ÚY\Î‚ˆ›Ü›X[^™K\]ˆËŒŒˆXÛÛX]Úˆ‹ŒËŒ‚‚ˆ\™ÐKŒŒŽˆßB‚ˆ]]Ü™Yš^\LK
ÜÝÜÜÐKŒJN‚ˆ\[™[˜ÚY\Î‚ˆœ›ÝÜÙ\œÛ\ÝˆŒŽÂˆØ[š]\ÙK[]NˆKŒŒÌN‚ˆœ˜XÝ[Û‹šœÎˆKŒËˆXÛØÛÛÜœÎˆKŒKŒBˆÜÝÜÜÎˆKŒBˆÜÝÜÜË]˜[YK\\œÙ\ŽˆŒ‹Œ‚ˆ˜\Ù[[™KXœ›ÝÜÙ\‹[X\[™Ð‹ŒLKÎˆßB‚ˆš[˜\žKY^[œÚ[ÛœÐ‹ŒËŒˆßB‚ˆœ˜XÙ\ÐËŒŒÎ‚ˆ\[™[˜ÚY\Î‚ˆš[\˜[™ÙNˆËŒKŒB‚ˆœ›ÝÜÙ\œÛ\ÝŒŽÎ‚ˆ\[™[˜ÚY\Î‚ˆ˜\Ù[[™KXœ›ÝÜÙ\‹[X\[™Îˆ‹ŒLKÂˆØ[š]\ÙK[]NˆKŒŒÌN‚ˆ[XÝ›Û‹]ËXÚ›ÛZ][NˆKKŒÎNˆ›ÙK\™[X\Ù\Îˆ‹ŒLBˆ\]KXœ›ÝÜÙ\œÛ\ÝYŽˆKŒ‹ŒÊœ›ÝÜÙ\œÛ\ÝŒŽÊB‚ˆØ[Y[Ø\ÙKXÜÜÐ‹ŒŒNˆßB‚ˆØ[š]\ÙK[]PKŒŒÌNŽˆßB‚ˆÚÚÚY\Ë‹Œ‚ˆ\[™[˜ÚY\Î‚ˆ[ž[X]ÚˆËŒKŒÂˆœ˜XÙ\ÎˆËŒŒÂˆÛØ‹\\™[ˆKŒKŒ‚ˆ\ËXš[˜\žK\]ˆ‹ŒKŒˆ\ËYÛØŽˆŒŒÂˆ›Ü›X[^™K\]ˆËŒŒˆ™XY\œˆË‹ŒˆÜ[Û˜[\[™[˜ÚY\Î‚ˆœÙ]™[Îˆ‹ŒËŒÂ‚ˆÛY[[Û›PŒŒNˆßB‚ˆÛÛ[X[™\ŒKŒNˆßB‚ˆÛÛÚÚYPËŒŽˆßB‚ˆÜÜÙ\ØÐËŒŒˆßB‚ˆÜÜÝ\PËŒ‹ŒÎˆßB‚ˆ]XÝ[X˜Ð‹ŒKŒŽ‚ˆÜ[Û˜[ˆYB‚ˆY[Ý[YX[KŒ‹ŒŽˆßB‚ˆKŒKŒÎˆßB‚ˆ[XÝ›Û‹]ËXÚ›ÛZ][PKKŒÎNˆßB‚ˆ\ËY\œ›ÜœÐKŒËŒˆßB‚ˆ\ØØ[YPËŒ‹ŒˆßB‚ˆ˜\ÝYÛØËŒËŒÎ‚ˆ\[™[˜ÚY\Î‚ˆ	Ð›Ù[X‹ÙœËœÝ]	Îˆ‹ŒBˆ	Ð›Ù[X‹ÙœËØ[ÉÎˆKŒ‹ŽˆÛØ‹\\™[ˆKŒKŒ‚ˆY\™ÙLŽˆKŒBˆZXÜ›ÛX]ÚˆŒŽ‚ˆ˜\ÝPKŒŒŒN‚ˆ\[™[˜ÚY\Î‚ˆ™]\ÚYžNˆKŒKŒ‚ˆ™\‹KŒ
XÛÛX]ÚŒJN‚ˆÜ[Û˜[\[™[˜ÚY\Î‚ˆXÛÛX]ÚˆŒB‚ˆš[\˜[™ÙPËŒKŒN‚ˆ\[™[˜ÚY\Î‚ˆË\™YÙ^\˜[™ÙNˆKŒŒB‚ˆœ˜XÝ[Û‹šœÐKŒËˆßB‚ˆœ˜[Y\‹[[Ý[ÛLKŒNŒŠ™XXÝYÛPNKŒ‹Ž
™XXÝNKŒ‹Ž
JJ™XXÝNKŒ‹Ž
N‚ˆ\[™[˜ÚY\Î‚ˆ[Ý[Û‹YÛNˆLKŒNŒBˆ[Ý[Û‹]][ÎˆLKŒNŒBˆÛXŽˆ‹ŽŒBˆÜ[Û˜[\[™[˜ÚY\Î‚ˆ™XXÝˆNKŒ‹Žˆ™XXÝYÛNˆNKŒ‹Ž
™XXÝNKŒ‹Ž
B‚ˆœÙ]™[Ð‹ŒËŒÎ‚ˆÜ[Û˜[ˆYB‚ˆ[˜Ý[Û‹Xš[™KŒKŒŽˆßB‚ˆÛØ‹\\™[KŒKŒŽ‚ˆ\[™[˜ÚY\Î‚ˆ\ËYÛØŽˆŒŒÂ‚ˆÛØ‹\\™[‹ŒŒŽ‚ˆ\[™[˜ÚY\Î‚ˆ\ËYÛØŽˆŒŒÂ‚ˆ\ÛÝÛ‹Œ‚ˆ\[™[˜ÚY\Î‚ˆ[˜Ý[Û‹Xš[™ˆKŒKŒ‚‚ˆXÙX™\™ËZœÐŽŒNˆßB‚ˆ\ËXš[˜\žK\]‹ŒKŒ‚ˆ\[™[˜ÚY\Î‚ˆš[˜\žKY^[œÚ[ÛœÎˆ‹ŒËŒ‚ˆ\ËXÛÜ™K[[Ù[P‹ŒM‹ŒŽ‚ˆ\[™[˜ÚY\Î‚ˆ\ÛÝÛŽˆ‹Œ‚ˆ\ËY^ÛØ‹ŒKŒNˆßB‚ˆ\ËYÛØŒŒÎ‚ˆ\[™[˜ÚY\Î‚ˆ\ËY^ÛØŽˆ‹ŒKŒB‚ˆ\Ë[[X™\ËŒŒˆßB‚ˆš]PKŒŒKÎˆßB‚ˆ[ÛÛ™šYÐËŒKŒÎˆßB‚ˆ[™\ËX[™XÛÛ[[œÐKŒ‹ˆßB‚ˆY\™ÙLKŒNˆßB‚ˆZXÜ›ÛX]ÚŒŽ‚ˆ\[™[˜ÚY\Î‚ˆœ˜XÙ\ÎˆËŒŒÂˆXÛÛX]Úˆ‹ŒËŒ‚‚ˆ[Ý[Û‹YÛPLKŒNŒN‚ˆ\[™[˜ÚY\Î‚ˆ[Ý[Û‹]][ÎˆLKŒNŒB‚ˆ[Ý[Û‹]][ÐLKŒNŒNˆßB‚ˆ^‹ËŒ‚ˆ\[™[˜ÚY\Î‚ˆ[žK\›ÛZ\ÙNˆKŒËŒˆØš™XÝX\ÜÚYÛŽˆŒKŒBˆ[šYžKX[ˆK‹Œ‚ˆ˜[›ÚYËŒËŒMŽˆßB‚ˆ™^MKKŽJ™XXÝYÛPNKŒ‹Ž
™XXÝNKŒ‹Ž
JJ™XXÝNKŒ‹Ž
N‚ˆ\[™[˜ÚY\Î‚ˆ	Ð™^Ù[‰ÎˆMKKŽBˆ	ÐÝØËÚ[\œÉÎˆKŒMBˆØ[š]\ÙK[]NˆKŒŒÌN‚ˆÜÝÜÜÎˆŒÌBˆ™XXÝˆNKŒ‹Žˆ™XXÝYÛNˆNKŒ‹Ž
™XXÝNKŒ‹Ž
BˆÝ[YZœÞˆKŒKŠ™XXÝNKŒ‹Ž
BˆÜ[Û˜[\[™[˜ÚY\Î‚ˆ	Ð™^ÜÝØËY\Ú[‹X\›M	ÎˆMKKÂˆ	Ð™^ÜÝØËY\Ú[‹^	ÎˆMKKÂˆ	Ð™^ÜÝØË[[^X\›MYÛIÎˆMKKÂˆ	Ð™^ÜÝØË[[^X\›M[]\Û	ÎˆMKKÂˆ	Ð™^ÜÝØË[[^^YÛIÎˆMKKÂˆ	Ð™^ÜÝØË[[^^[]\Û	ÎˆMKKÂˆ	Ð™^ÜÝØË]Ú[ŒÌ‹X\›M[\Ý˜ÉÎˆMKKÂˆ	Ð™^ÜÝØË]Ú[ŒÌ‹^[\Ý˜ÉÎˆMKKÂˆÚ\œˆŒÍBˆ˜[œÚ]]™TY\‘\[™[˜ÚY\Î‚ˆH	Ð˜X™[ØÛÜ™IÂˆH˜X™[\YÚ[‹[XXÜ›ÜÂ‚ˆ›ÙK\™[X\Ù\Ð‹ŒLNˆßB‚ˆ›Ü›X[^™K\]ËŒŒˆßB‚ˆØš™XÝX\ÜÚYÛŒKŒNˆßB‚ˆØš™XÝZ\ÚËŒŒˆßB‚ˆ]\\œÙPKŒÎˆßB‚ˆXÛØÛÛÜœÐKŒKŒNˆßB‚ˆXÛÛX]Ú‹ŒËŒŽˆßB‚ˆXÛÛX]ÚŒNˆßB‚ˆYžP‹ŒËŒˆßB‚ˆ\˜]\ÐŒÎˆßB‚ˆÜÝÜÜËZ[\ÜMKŒKŒ
ÜÝÜÜÐKŒJN‚ˆ\[™[˜ÚY\Î‚ˆÜÝÜÜÎˆKŒBˆÜÝÜÜË]˜[YK\\œÙ\ŽˆŒ‹Œˆ™XYXØXÚNˆKŒŒˆ™\ÛÛ™NˆKŒŒ‹ŒL‚‚ˆÜÝÜÜËZœÐŒKŒ
ÜÝÜÜÐKŒJN‚ˆ\[™[˜ÚY\Î‚ˆØ[Y[Ø\ÙKXÜÜÎˆ‹ŒŒBˆÜÝÜÜÎˆKŒB‚ˆÜÝÜÜË[ØYXÛÛ™šYÐ‹ŒŒJš]PKŒŒKÊJÜÝÜÜÐKŒJN‚ˆ\[™[˜ÚY\Î‚ˆ[ÛÛ™šYÎˆËŒKŒÂˆÜ[Û˜[\[™[˜ÚY\Î‚ˆš]NˆKŒŒKÂˆÜÝÜÜÎˆKŒB‚ˆÜÝÜÜË[™\ÝY‹Œ‹Œ
ÜÝÜÜÐKŒJN‚ˆ\[™[˜ÚY\Î‚ˆÜÝÜÜÎˆKŒBˆÜÝÜÜË\Ù[XÝÜ‹\\œÙ\Žˆ‹ŒK‚ˆÜÝÜÜË\Ù[XÝÜ‹\\œÙ\‹ŒK‚ˆ\[™[˜ÚY\Î‚ˆÜÜÙ\ØÎˆËŒŒˆ][Y\™XØ]NˆKŒŒ‚‚ˆÜÝÜÜË]˜[YK\\œÙ\Œ‹ŒˆßB‚ˆÜÝÜÜÐŒÌN‚ˆ\[™[˜ÚY\Î‚ˆ˜[›ÚYˆËŒËŒM‚ˆXÛØÛÛÜœÎˆKŒKŒBˆÛÝ\˜ÙK[X\ZœÎˆKŒ‹ŒB‚ˆÜÝÜÜÐKŒN‚ˆ\[™[˜ÚY\Î‚ˆ˜[›ÚYˆËŒËŒM‚ˆXÛØÛÛÜœÎˆKŒKŒBˆÛÝ\˜ÙK[X\ZœÎˆKŒ‹ŒB‚ˆ]Y]YK[ZXÜ›Ý\ÚÐKŒ‹ŒÎˆßB‚ˆ™XXÝYÛPNKŒ‹Ž
™XXÝNKŒ‹Ž
N‚ˆ\[™[˜ÚY\Î‚ˆ™XXÝˆNKŒ‹ŽˆØÚY[\ŽˆŒËŒ‚ˆ™XXÝNKŒ‹ŽˆßB‚ˆ™XYXØXÚPKŒŒ‚ˆ\[™[˜ÚY\Î‚ˆYžNˆ‹ŒËŒ‚ˆ™XY\œË‹Œ‚ˆ\[™[˜ÚY\Î‚ˆXÛÛX]Úˆ‹ŒËŒ‚‚ˆ™\ÛÛ™PKŒŒ‹ŒLŽ‚ˆ\[™[˜ÚY\Î‚ˆ\ËY\œ›ÜœÎˆKŒËŒˆ\ËXÛÜ™K[[Ù[Nˆ‹ŒM‹Œ‚ˆ]\\œÙNˆKŒÂˆÝ\ÜË\™\Ù\™K\Þ[[[šÜËY›YÎˆKŒŒ‚ˆ™]\ÚYžPKŒKŒˆßB‚ˆ[‹\\˜[[KŒ‹Œ‚ˆ\[™[˜ÚY\Î‚ˆ]Y]YK[ZXÜ›Ý\ÚÎˆKŒ‹ŒÂ‚ˆØÚY[\ŒËŒˆßB‚ˆÙ[]™\ËŽN‚ˆÜ[Û˜[ˆYB‚ˆÚ\œŒÍN‚ˆ\[™[˜ÚY\Î‚ˆ	Ð[YËØÛÛÝ\‰ÎˆKŒKŒˆ]XÝ[X˜Îˆ‹ŒKŒ‚ˆÙ[]™\ŽˆËŽBˆÜ[Û˜[\[™[˜ÚY\Î‚ˆ	Ð[YËÜÚ\œY\Ú[‹X\›M	ÎˆŒÍBˆ	Ð[YËÜÚ\œY\Ú[‹^	ÎˆŒÍBˆ	Ð[YËÜÚ\œ[Xš\ËY\Ú[‹X\›M	ÎˆKŒ‹ˆ	Ð[YËÜÚ\œ[Xš\ËY\Ú[‹^	ÎˆKŒ‹ˆ	Ð[YËÜÚ\œ[Xš\Ë[[^X\›IÎˆKŒ‹ˆ	Ð[YËÜÚ\œ[Xš\Ë[[^X\›M	ÎˆKŒ‹ˆ	Ð[YËÜÚ\œ[Xš\Ë[[^\Í	ÎˆKŒ‹ˆ	Ð[YËÜÚ\œ[Xš\Ë[[^\š\ØÝ	ÎˆKŒ‹ˆ	Ð[YËÜÚ\œ[Xš\Ë[[^\ÌÎL	ÎˆKŒ‹ˆ	Ð[YËÜÚ\œ[Xš\Ë[[^^	ÎˆKŒ‹ˆ	Ð[YËÜÚ\œ[Xš\Ë[[^]\ÛX\›M	ÎˆKŒ‹ˆ	Ð[YËÜÚ\œ[Xš\Ë[[^]\Û^	ÎˆKŒ‹ˆ	Ð[YËÜÚ\œ[[^X\›IÎˆŒÍBˆ	Ð[YËÜÚ\œ[[^X\›M	ÎˆŒÍBˆ	Ð[YËÜÚ\œ[[^\Í	ÎˆŒÍBˆ	Ð[YËÜÚ\œ[[^\š\ØÝ	ÎˆŒÍBˆ	Ð[YËÜÚ\œ[[^\ÌÎL	ÎˆŒÍBˆ	Ð[YËÜÚ\œ[[^^	ÎˆŒÍBˆ	Ð[YËÜÚ\œ[[^]\ÛX\›M	ÎˆŒÍBˆ	Ð[YËÜÚ\œ[[^]\Û^	ÎˆŒÍBˆ	Ð[YËÜÚ\œ]Ø\ÛLÌ‰ÎˆŒÍBˆ	Ð[YËÜÚ\œ]Ú[ŒÌ‹X\›M	ÎˆŒÍBˆ	Ð[YËÜÚ\œ]Ú[ŒÌ‹ZXLÌ‰ÎˆŒÍBˆ	Ð[YËÜÚ\œ]Ú[ŒÌ‹^	ÎˆŒÍBˆÜ[Û˜[ˆYB‚ˆÛÝ\˜ÙK[X\ZœÐKŒ‹ŒNˆßB‚ˆÝ[YZœÞKŒKŠ™XXÝNKŒ‹Ž
N‚ˆ\[™[˜ÚY\Î‚ˆÛY[[Û›NˆŒŒBˆ™XXÝˆNKŒ‹Ž‚ˆÝXÜ˜\ÙPËŒÍKŒN‚ˆ\[™[˜ÚY\Î‚ˆ	ÐœšYÙ]Ù[ÙÙ[‹[X\[™ÉÎˆŒËŒLÂˆÛÛ[X[™\ŽˆŒKŒBˆ[™\ËX[™XÛÛ[[œÎˆKŒ‹ˆ^Žˆ‹ËŒˆ\˜]\ÎˆŒÂˆ[žYÛØ˜žNˆŒ‹ŒMÂˆËZ[\™˜XÙKXÚXÚÙ\ŽˆŒKŒLÂ‚ˆÝ\ÜË\™\Ù\™K\Þ[[[šÜËY›YÐKŒŒˆßB‚ˆZ[Ú[™ÜÜÐËŒNN‚ˆ\[™[˜ÚY\Î‚ˆ	Ð[ØËÜ]ZXÚË[IÎˆKŒ‹Œˆ\™ÎˆKŒŒ‚ˆÚÚÚY\ŽˆË‹ŒˆY[Ý[YX[ŽˆKŒ‹Œ‚ˆŽˆKŒKŒÂˆ˜\ÝYÛØŽˆËŒËŒÂˆÛØ‹\\™[ˆ‹ŒŒ‚ˆ\ËYÛØŽˆŒŒÂˆš]NˆKŒŒKÂˆ[ÛÛ™šYÎˆËŒKŒÂˆZXÜ›ÛX]ÚˆŒŽˆ›Ü›X[^™K\]ˆËŒŒˆØš™XÝZ\ÚˆËŒŒˆXÛØÛÛÜœÎˆKŒKŒBˆÜÝÜÜÎˆKŒBˆÜÝÜÜËZ[\ÜˆMKŒKŒ
ÜÝÜÜÐKŒJBˆÜÝÜÜËZœÎˆŒKŒ
ÜÝÜÜÐKŒJBˆÜÝÜÜË[ØYXÛÛ™šYÎˆ‹ŒŒJš]PKŒŒKÊJÜÝÜÜÐKŒJBˆÜÝÜÜË[™\ÝYˆ‹Œ‹Œ
ÜÝÜÜÐKŒJBˆÜÝÜÜË\Ù[XÝÜ‹\\œÙ\Žˆ‹ŒKˆ™\ÛÛ™NˆKŒŒ‹ŒL‚ˆÝXÜ˜\ÙNˆËŒÍKŒBˆ˜[œÚ]]™TY\‘\[™[˜ÚY\Î‚ˆHÞˆHX[[‚ˆ[šYžKX[K‹Œ‚ˆ\[™[˜ÚY\Î‚ˆ[šYžNˆËŒËŒB‚ˆ[šYžPËŒËŒN‚ˆ\[™[˜ÚY\Î‚ˆ[žK\›ÛZ\ÙNˆKŒËŒ‚ˆ[žYÛØ˜žPŒ‹ŒMÎ‚ˆ\[™[˜ÚY\Î‚ˆ™\Žˆ‹KŒ
XÛÛX]ÚŒJBˆXÛÛX]ÚˆŒB‚ˆË\™YÙ^\˜[™ÙPKŒŒN‚ˆ\[™[˜ÚY\Î‚ˆ\Ë[[X™\ŽˆËŒŒ‚ˆËZ[\™˜XÙKXÚXÚÙ\ŒKŒLÎˆßB‚ˆÛX‹ŽŒNˆßB‚ˆ\\ØÜš\KŽKŒÎˆßB‚ˆ[™XÚK]\\Ð‹ŒŒKŒˆßB‚ˆ\]KXœ›ÝÜÙ\œÛ\ÝYKŒ‹ŒÊœ›ÝÜÙ\œÛ\ÝŒŽÊN‚ˆ\[™[˜ÚY\Î‚ˆœ›ÝÜÙ\œÛ\ÝˆŒŽÂˆ\ØØ[YNˆËŒ‹ŒˆXÛØÛÛÜœÎˆKŒKŒB‚ˆ][Y\™XØ]PKŒŒŽˆßB